
Microsoft Visual Studio Solution File, Format Version 12.00
# Visual Studio Version 16
VisualStudioVersion = 16.0.31624.102
MinimumVisualStudioVersion = 10.0.40219.1
Project("{FAE04EC0-301F-11D3-BF4B-00C04F79EFBC}") = "MixerClone", "MixerClone\MixerClone.csproj", "{491277FE-AECA-40B6-851C-1FB2D5EB5995}"
EndProject
Global
	GlobalSection(SolutionConfigurationPlatforms) = preSolution
		Debug|Any CPU = Debug|Any CPU
		Release|Any CPU = Release|Any CPU
	EndGlobalSection
	GlobalSection(ProjectConfigurationPlatforms) = postSolution
		{491277FE-AECA-40B6-851C-1FB2D5EB5995}.Debug|Any CPU.ActiveCfg = Debug|Any CPU
		{491277FE-AECA-40B6-851C-1FB2D5EB5995}.Debug|Any CPU.Build.0 = Debug|Any CPU
		{491277FE-AECA-40B6-851C-1FB2D5EB5995}.Release|Any CPU.ActiveCfg = Release|Any CPU
		{491277FE-AECA-40B6-851C-1FB2D5EB5995}.Release|Any CPU.Build.0 = Release|Any CPU
	EndGlobalSection
	GlobalSection(SolutionProperties) = preSolution
		HideSolutionNode = FALSE
	EndGlobalSection
	GlobalSection(ExtensibilityGlobals) = postSolution
		SolutionGuid = {B6F95BA0-4F38-4D30-825E-BA463B2EFA57}
	EndGlobalSection
EndGlobal
